// !$*UTF8*$!
{
	archiveVersion = 1;
	classes = {
	};
	objectVersion = 51;
	objects = {

/* Begin PBXBuildFile section */
		46ED73AFD4CAEB208F4D2190 /* Pods_HTMLParsing.framework in Frameworks */ = {isa = PBXBuildFile; fileRef = C208824CFE9C4D54CAA03AAB /* Pods_HTMLParsing.framework */; };
		FA196CC5279F583B004A51FD /* AppDelegate.swift in Sources */ = {isa = PBXBuildFile; fileRef = FA196CC4279F583B004A51FD /* AppDelegate.swift */; };
		FA196CC7279F583B004A51FD /* SceneDelegate.swift in Sources */ = {isa = PBXBuildFile; fileRef = FA196CC6279F583B004A51FD /* SceneDelegate.swift */; };
		FA196CC9279F583B004A51FD /* ViewController.swift in Sources */ = {isa = PBXBuildFile; fileRef = FA196CC8279F583B004A51FD /* ViewController.swift */; };
		FA196CCC279F583B004A51FD /* Main.storyboard in Resources */ = {isa = PBXBuildFile; fileRef = FA196CCA279F583B004A51FD /* Main.storyboard */; };
		FA196CCE279F5840004A51FD /* Assets.xcassets in Resources */ = {isa = PBXBuildFile; fileRef = FA196CCD279F5840004A51FD /* Assets.xcassets */; };
		FA196CD1279F5840004A51FD /* LaunchScreen.storyboard in Resources */ = {isa = PBXBuildFile; fileRef = FA196CCF279F5840004A51FD /* LaunchScreen.storyboard */; };
		FA196CDD279F59DC004A51FD /* Constants.swift in Sources */ = {isa = PBXBuildFile; fileRef = FA196CDC279F59DC004A51FD /* Constants.swift */; };
/* End PBXBuildFile section */

/* Begin PBXFileReference section */
		3DBE94649921B0E1EF51D23A /* Pods-HTMLParsing.release.xcconfig */ = {isa = PBXFileReference; includeInIndex = 1; lastKnownFileType = text.xcconfig; name = "Pods-HTMLParsing.release.xcconfig"; path = "Target Support Files/Pods-HTMLParsing/Pods-HTMLParsing.release.xcconfig"; sourceTree = "<group>"; };
		A573FE0736F2F9048AFA5F30 /* Pods-HTMLParsing.debug.xcconfig */ = {isa = PBXFileReference; includeInIndex = 1; lastKnownFileType = text.xcconfig; name = "Pods-HTMLParsing.debug.xcconfig"; path = "Target Support Files/Pods-HTMLParsing/Pods-HTMLParsing.debug.xcconfig"; sourceTree = "<group>"; };
		C208824CFE9C4D54CAA03AAB /* Pods_HTMLParsing.framework */ = {isa = PBXFileReference; explicitFileType = wrapper.framework; includeInIndex = 0; path = Pods_HTMLParsing.framework; sourceTree = BUILT_PRODUCTS_DIR; };
		FA196CC1279F583B004A51FD /* HTMLParsing.app */ = {isa = PBXFileReference; explicitFileType = wrapper.application; includeInIndex = 0; path = HTMLParsing.app; sourceTree = BUILT_PRODUCTS_DIR; };
		FA196CC4279F583B004A51FD /* AppDelegate.swift */ = {isa = PBXFileReference; lastKnownFileType = sourcecode.swift; path = AppDelegate.swift; sourceTree = "<group>"; };
		FA196CC6279F583B004A51FD /* SceneDelegate.swift */ = {isa = PBXFileReference; lastKnownFileType = sourcecode.swift; path = SceneDelegate.swift; sourceTree = "<group>"; };
		FA196CC8279F583B004A51FD /* ViewController.swift */ = {isa = PBXFileReference; lastKnownFileType = sourcecode.swift; path = ViewController.swift; sourceTree = "<group>"; };
		FA196CCB279F583B004A51FD /* Base */ = {isa = PBXFileReference; lastKnownFileType = file.storyboard; name = Base; path = Base.lproj/Main.storyboard; sourceTree = "<group>"; };
		FA196CCD279F5840004A51FD /* Assets.xcassets */ = {isa = PBXFileReference; lastKnownFileType = folder.assetcatalog; path = Assets.xcassets; sourceTree = "<group>"; };
		FA196CD0279F5840004A51FD /* Base */ = {isa = PBXFileReference; lastKnownFileType = file.storyboard; name = Base; path = Base.lproj/LaunchScreen.storyboard; sourceTree = "<group>"; };
		FA196CD2279F5840004A51FD /* Info.plist */ = {isa = PBXFileReference; lastKnownFileType = text.plist.xml; path = Info.plist; sourceTree = "<group>"; };
		FA196CDC279F59DC004A51FD /* Constants.swift */ = {isa = PBXFileReference; lastKnownFileType = sourcecode.swift; path = Constants.swift; sourceTree = "<group>"; };
/* End PBXFileReference section */

/* Begin PBXFrameworksBuildPhase section */
		FA196CBE279F583B004A51FD /* Frameworks */ = {
			isa = PBXFrameworksBuildPhase;
			buildActionMask = 2147483647;
			files = (
				46ED73AFD4CAEB208F4D2190 /* Pods_HTMLParsing.framework in Frameworks */,
			);
			runOnlyForDeploymentPostprocessing = 0;
		};
/* End PBXFrameworksBuildPhase section */

/* Begin PBXGroup section */
		78BB0C30FA0BD93AF0429BEC /* Frameworks */ = {
			isa = PBXGroup;
			children = (
				C208824CFE9C4D54CAA03AAB /* Pods_HTMLParsing.framework */,
			);
			name = Frameworks;
			sourceTree = "<group>";
		};
		EB624B8FC57F195B93C86D64 /* Pods */ = {
			isa = PBXGroup;
			children = (
				A573FE0736F2F9048AFA5F30 /* Pods-HTMLParsing.debug.xcconfig */,
				3DBE94649921B0E1EF51D23A /* Pods-HTMLParsing.release.xcconfig */,
			);
			path = Pods;
			sourceTree = "<group>";
		};
		FA196CB8279F583B004A51FD = {
			isa = PBXGroup;
			children = (
				FA196CC3279F583B004A51FD /* HTMLParsing */,
				FA196CC2279F583B004A51FD /* Products */,
				EB624B8FC57F195B93C86D64 /* Pods */,
				78BB0C30FA0BD93AF0429BEC /* Frameworks */,
			);
			sourceTree = "<group>";
		};
		FA196CC2279F583B004A51FD /* Products */ = {
			isa = PBXGroup;
			children = (
				FA196CC1279F583B004A51FD /* HTMLParsing.app */,
			);
			name = Products;
			sourceTree = "<group>";
		};
		FA196CC3279F583B004A51FD /* HTMLParsing */ = {
			isa = PBXGroup;
			children = (
				FA196CC4279F583B004A51FD /* AppDelegate.swift */,
				FA196CDC279F59DC004A51FD /* Constants.swift */,
				FA196CC6279F583B004A51FD /* SceneDelegate.swift */,
				FA196CC8279F583B004A51FD /* ViewController.swift */,
				FA196CCA279F583B004A51FD /* Main.storyboard */,
				FA196CCD279F5840004A51FD /* Assets.xcassets */,
				FA196CCF279F5840004A51FD /* LaunchScreen.storyboard */,
				FA196CD2279F5840004A51FD /* Info.plist */,
			);
			path = HTMLParsing;
			sourceTree = "<group>";
		};
/* End PBXGroup section */

/* Begin PBXNativeTarget section */
		FA196CC0279F583B004A51FD /* HTMLParsing */ = {
			isa = PBXNativeTarget;
			buildConfigurationList = FA196CD5279F5840004A51FD /* Build configuration list for PBXNativeTarget "HTMLParsing" */;
			buildPhases = (
				211F152C0759F8D97DE9B0EB /* [CP] Check Pods Manifest.lock */,
				FA196CBD279F583B004A51FD /* Sources */,
				FA196CBE279F583B004A51FD /* Frameworks */,
				FA196CBF279F583B004A51FD /* Resources */,
				2E3C7428A8478CE6A41E23B8 /* [CP] Embed Pods Frameworks */,
			);
			buildRules = (
			);
			dependencies = (
			);
			name = HTMLParsing;
			productName = HTMLParsing;
			productReference = FA196CC1279F583B004A51FD /* HTMLParsing.app */;
			productType = "com.apple.product-type.application";
		};
/* End PBXNativeTarget section */

/* Begin PBXProject section */
		FA196CB9279F583B004A51FD /* Project object */ = {
			isa = PBXProject;
			attributes = {
				LastSwiftUpdateCheck = 1240;
				LastUpgradeCheck = 1240;
				TargetAttributes = {
					FA196CC0279F583B004A51FD = {
						CreatedOnToolsVersion = 12.4;
					};
				};
			};
			buildConfigurationList = FA196CBC279F583B004A51FD /* Build configuration list for PBXProject "HTMLParsing" */;
			compatibilityVersion = "Xcode 9.3";
			developmentRegion = en;
			hasScannedForEncodings = 0;
			knownRegions = (
				en,
				Base,
			);
			mainGroup = FA196CB8279F583B004A51FD;
			productRefGroup = FA196CC2279F583B004A51FD /* Products */;
			projectDirPath = "";
			projectRoot = "";
			targets = (
				FA196CC0279F583B004A51FD /* HTMLParsing */,
			);
		};
/* End PBXProject section */

/* Begin PBXResourcesBuildPhase section */
		FA196CBF279F583B004A51FD /* Resources */ = {
			isa = PBXResourcesBuildPhase;
			buildActionMask = 2147483647;
			files = (
				FA196CD1279F5840004A51FD /* LaunchScreen.storyboard in Resources */,
				FA196CCE279F5840004A51FD /* Assets.xcassets in Resources */,
				FA196CCC279F583B004A51FD /* Main.storyboard in Resources */,
			);
			runOnlyForDeploymentPostprocessing = 0;
		};
/* End PBXResourcesBuildPhase section */

/* Begin PBXShellScriptBuildPhase section */
		211F152C0759F8D97DE9B0EB /* [CP] Check Pods Manifest.lock */ = {
			isa = PBXShellScriptBuildPhase;
			buildActionMask = 2147483647;
			files = (
			);
			inputFileListPaths = (
			);
			inputPaths = (
				"${PODS_PODFILE_DIR_PATH}/Podfile.lock",
				"${PODS_ROOT}/Manifest.lock",
			);
			name = "[CP] Check Pods Manifest.lock";
			outputFileListPaths = (
			);
			outputPaths = (
				"$(DERIVED_FILE_DIR)/Pods-HTMLParsing-checkManifestLockResult.txt",
			);
			runOnlyForDeploymentPostprocessing = 0;
			shellPath = /bin/sh;
			shellScript = "diff \"${PODS_PODFILE_DIR_PATH}/Podfile.lock\" \"${PODS_ROOT}/Manifest.lock\" > /dev/null\nif [ $? != 0 ] ; then\n    # print error to STDERR\n    echo \"error: The sandbox is not in sync with the Podfile.lock. Run 'pod install' or update your CocoaPods installation.\" >&2\n    exit 1\nfi\n# This output is used by Xcode 'outputs' to avoid re-running this script phase.\necho \"SUCCESS\" > \"${SCRIPT_OUTPUT_FILE_0}\"\n";
			showEnvVarsInLog = 0;
		};
		2E3C7428A8478CE6A41E23B8 /* [CP] Embed Pods Frameworks */ = {
			isa = PBXShellScriptBuildPhase;
			buildActionMask = 2147483647;
			files = (
			);
			inputFileListPaths = (
				"${PODS_ROOT}/Target Support Files/Pods-HTMLParsing/Pods-HTMLParsing-frameworks-${CONFIGURATION}-input-files.xcfilelist",
			);
			name = "[CP] Embed Pods Frameworks";
			outputFileListPaths = (
				"${PODS_ROOT}/Target Support Files/Pods-HTMLParsing/Pods-HTMLParsing-frameworks-${CONFIGURATION}-output-files.xcfilelist",
			);
			runOnlyForDeploymentPostprocessing = 0;
			shellPath = /bin/sh;
			shellScript = "\"${PODS_ROOT}/Target Support Files/Pods-HTMLParsing/Pods-HTMLParsing-frameworks.sh\"\n";
			showEnvVarsInLog = 0;
		};
/* End PBXShellScriptBuildPhase section */

/* Begin PBXSourcesBuildPhase section */
		FA196CBD279F583B004A51FD /* Sources */ = {
			isa = PBXSourcesBuildPhase;
			buildActionMask = 2147483647;
			files = (
				FA196CC9279F583B004A51FD /* ViewController.swift in Sources */,
				FA196CC5279F583B004A51FD /* AppDelegate.swift in Sources */,
				FA196CC7279F583B004A51FD /* SceneDelegate.swift in Sources */,
				FA196CDD279F59DC004A51FD /* Constants.swift in Sources */,
			);
			runOnlyForDeploymentPostprocessing = 0;
		};
/* End PBXSourcesBuildPhase section */

/* Begin PBXVariantGroup section */
		FA196CCA279F583B004A51FD /* Main.storyboard */ = {
			isa = PBXVariantGroup;
			children = (
				FA196CCB279F583B004A51FD /* Base */,
			);
			name = Main.storyboard;
			sourceTree = "<group>";
		};
		FA196CCF279F5840004A51FD /* LaunchScreen.storyboard */ = {
			isa = PBXVariantGroup;
			children = (
				FA196CD0279F5840004A51FD /* Base */,
			);
			name = LaunchScreen.storyboard;
			sourceTree = "<group>";
		};
/* End PBXVariantGroup section */

/* Begin XCBuildConfiguration section */
		FA196CD3279F5840004A51FD /* Debug */ = {
			isa = XCBuildConfiguration;
			buildSettings = {
				ALWAYS_SEARCH_USER_PATHS = NO;
				CLANG_ANALYZER_NONNULL = YES;
				CLANG_ANALYZER_NUMBER_OBJECT_CONVERSION = YES_AGGRESSIVE;
				CLANG_CXX_LANGUAGE_STANDARD = "gnu++14";
				CLANG_CXX_LIBRARY = "libc++";
				CLANG_ENABLE_MODULES = YES;
				CLANG_ENABLE_OBJC_ARC = YES;
				CLANG_ENABLE_OBJC_WEAK = YES;
				CLANG_WARN_BLOCK_CAPTURE_AUTORELEASING = YES;
				CLANG_WARN_BOOL_CONVERSION = YES;
				CLANG_WARN_COMMA = YES;
				CLANG_WARN_CONSTANT_CONVERSION = YES;
				CLANG_WARN_DEPRECATED_OBJC_IMPLEMENTATIONS = YES;
				CLANG_WARN_DIRECT_OBJC_ISA_USAGE = YES_ERROR;
				CLANG_WARN_DOCUMENTATION_COMMENTS = YES;
				CLANG_WARN_EMPTY_BODY = YES;
				CLANG_WARN_ENUM_CONVERSION = YES;
				CLANG_WARN_INFINITE_RECURSION = YES;
				CLANG_WARN_INT_CONVERSION = YES;
				CLANG_WARN_NON_LITERAL_NULL_CONVERSION = YES;
				CLANG_WARN_OBJC_IMPLICIT_RETAIN_SELF = YES;
				CLANG_WARN_OBJC_LITERAL_CONVERSION = YES;
				CLANG_WARN_OBJC_ROOT_CLASS = YES_ERROR;
				CLANG_WARN_QUOTED_INCLUDE_IN_FRAMEWORK_HEADER = YES;
				CLANG_WARN_RANGE_LOOP_ANALYSIS = YES;
				CLANG_WARN_STRICT_PROTOTYPES = YES;
				CLANG_WARN_SUSPICIOUS_MOVE = YES;
				CLANG_WARN_UNGUARDED_AVAILABILITY = YES_AGGRESSIVE;
				CLANG_WARN_UNREACHABLE_CODE = YES;
				CLANG_WARN__DUPLICATE_METHOD_MATCH = YES;
				COPY_PHASE_STRIP = NO;
				DEBUG_INFORMATION_FORMAT = dwarf;
				ENABLE_STRICT_OBJC_MSGSEND = YES;
				ENABLE_TESTABILITY = YES;
				GCC_C_LANGUAGE_STANDARD = gnu11;
				GCC_DYNAMIC_NO_PIC = NO;
				GCC_NO_COMMON_BLOCKS = YES;
				GCC_OPTIMIZATION_LEVEL = 0;
				GCC_PREPROCESSOR_DEFINITIONS = (
					"DEBUG=1",
					"$(inherited)",
				);
				GCC_WARN_64_TO_32_BIT_CONVERSION = YES;
				GCC_WARN_ABOUT_RETURN_TYPE = YES_ERROR;
				GCC_WARN_UNDECLARED_SELECTOR = YES;
				GCC_WARN_UNINITIALIZED_AUTOS = YES_AGGRESSIVE;
				GCC_WARN_UNUSED_FUNCTION = YES;
				GCC_WARN_UNUSED_VARIABLE = YES;
				IPHONEOS_DEPLOYMENT_TARGET = 14.4;
				MTL_ENABLE_DEBUG_INFO = INCLUDE_SOURCE;
				MTL_FAST_MATH = YES;
				ONLY_ACTIVE_ARCH = YES;
				SDKROOT = iphoneos;
				SWIFT_ACTIVE_COMPILATION_CONDITIONS = DEBUG;
				SWIFT_OPTIMIZATION_LEVEL = "-Onone";
			};
			name = Debug;
		};
		FA196CD4279F5840004A51FD /* Release */ = {
			isa = XCBuildConfiguration;
			buildSettings = {
				ALWAYS_SEARCH_USER_PATHS = NO;
				CLANG_ANALYZER_NONNULL = YES;
				CLANG_ANALYZER_NUMBER_OBJECT_CONVERSION = YES_AGGRESSIVE;
				CLANG_CXX_LANGUAGE_STANDARD = "gnu++14";
				CLANG_CXX_LIBRARY = "libc++";
				CLANG_ENABLE_MODULES = YES;
				CLANG_ENABLE_OBJC_ARC = YES;
				CLANG_ENABLE_OBJC_WEAK = YES;
				CLANG_WARN_BLOCK_CAPTURE_AUTORELEASING = YES;
				CLANG_WARN_BOOL_CONVERSION = YES;
				CLANG_WARN_COMMA = YES;
				CLANG_WARN_CONSTANT_CONVERSION = YES;
				CLANG_WARN_DEPRECATED_OBJC_IMPLEMENTATIONS = YES;
				CLANG_WARN_DIRECT_OBJC_ISA_USAGE = YES_ERROR;
				CLANG_WARN_DOCUMENTATION_COMMENTS = YES;
				CLANG_WARN_EMPTY_BODY = YES;
				CLANG_WARN_ENUM_CONVERSION = YES;
				CLANG_WARN_INFINITE_RECURSION = YES;
				CLANG_WARN_INT_CONVERSION = YES;
				CLANG_WARN_NON_LITERAL_NULL_CONVERSION = YES;
				CLANG_WARN_OBJC_IMPLICIT_RETAIN_SELF = YES;
				CLANG_WARN_OBJC_LITERAL_CONVERSION = YES;
				CLANG_WARN_OBJC_ROOT_CLASS = YES_ERROR;
				CLANG_WARN_QUOTED_INCLUDE_IN_FRAMEWORK_HEADER = YES;
				CLANG_WARN_RANGE_LOOP_ANALYSIS = YES;
				CLANG_WARN_STRICT_PROTOTYPES = YES;
				CLANG_WARN_SUSPICIOUS_MOVE = YES;
				CLANG_WARN_UNGUARDED_AVAILABILITY = YES_AGGRESSIVE;
				CLANG_WARN_UNREACHABLE_CODE = YES;
				CLANG_WARN__DUPLICATE_METHOD_MATCH = YES;
				COPY_PHASE_STRIP = NO;
				DEBUG_INFORMATION_FORMAT = "dwarf-with-dsym";
				ENABLE_NS_ASSERTIONS = NO;
				ENABLE_STRICT_OBJC_MSGSEND = YES;
				GCC_C_LANGUAGE_STANDARD = gnu11;
				GCC_NO_COMMON_BLOCKS = YES;
				GCC_WARN_64_TO_32_BIT_CONVERSION = YES;
				GCC_WARN_ABOUT_RETURN_TYPE = YES_ERROR;
				GCC_WARN_UNDECLARED_SELECTOR = YES;
				GCC_WARN_UNINITIALIZED_AUTOS = YES_AGGRESSIVE;
				GCC_WARN_UNUSED_FUNCTION = YES;
				GCC_WARN_UNUSED_VARIABLE = YES;
				IPHONEOS_DEPLOYMENT_TARGET = 14.4;
				MTL_ENABLE_DEBUG_INFO = NO;
				MTL_FAST_MATH = YES;
				SDKROOT = iphoneos;
				SWIFT_COMPILATION_MODE = wholemodule;
				SWIFT_OPTIMIZATION_LEVEL = "-O";
				VALIDATE_PRODUCT = YES;
			};
			name = Release;
		};
		FA196CD6279F5840004A51FD /* Debug */ = {
			isa = XCBuildConfiguration;
			baseConfigurationReference = A573FE0736F2F9048AFA5F30 /* Pods-HTMLParsing.debug.xcconfig */;
			buildSettings = {
				ASSETCATALOG_COMPILER_APPICON_NAME = AppIcon;
				ASSETCATALOG_COMPILER_GLOBAL_ACCENT_COLOR_NAME = AccentColor;
				CODE_SIGN_STYLE = Automatic;
				DEVELOPMENT_TEAM = K33FXWL25N;
				INFOPLIST_FILE = HTMLParsing/Info.plist;
				LD_RUNPATH_SEARCH_PATHS = (
					"$(inherited)",
					"@executable_path/Frameworks",
				);
				PRODUCT_BUNDLE_IDENTIFIER = co.AOS.HTMLParsing;
				PRODUCT_NAME = "$(TARGET_NAME)";
				SWIFT_VERSION = 5.0;
				TARGETED_DEVICE_FAMILY = "1,2";
			};
			name = Debug;
		};
		FA196CD7279F5840004A51FD /* Release */ = {
			isa = XCBuildConfiguration;
			baseConfigurationReference = 3DBE94649921B0E1EF51D23A /* Pods-HTMLParsing.release.xcconfig */;
			buildSettings = {
				ASSETCATALOG_COMPILER_APPICON_NAME = AppIcon;
				ASSETCATALOG_COMPILER_GLOBAL_ACCENT_COLOR_NAME = AccentColor;
				CODE_SIGN_STYLE = Automatic;
				DEVELOPMENT_TEAM = K33FXWL25N;
				INFOPLIST_FILE = HTMLParsing/Info.plist;
				LD_RUNPATH_SEARCH_PATHS = (
					"$(inherited)",
					"@executable_path/Frameworks",
				);
				PRODUCT_BUNDLE_IDENTIFIER = co.AOS.HTMLParsing;
				PRODUCT_NAME = "$(TARGET_NAME)";
				SWIFT_VERSION = 5.0;
				TARGETED_DEVICE_FAMILY = "1,2";
			};
			name = Release;
		};
/* End XCBuildConfiguration section */

/* Begin XCConfigurationList section */
		FA196CBC279F583B004A51FD /* Build configuration list for PBXProject "HTMLParsing" */ = {
			isa = XCConfigurationList;
			buildConfigurations = (
				FA196CD3279F5840004A51FD /* Debug */,
				FA196CD4279F5840004A51FD /* Release */,
			);
			defaultConfigurationIsVisible = 0;
			defaultConfigurationName = Release;
		};
		FA196CD5279F5840004A51FD /* Build configuration list for PBXNativeTarget "HTMLParsing" */ = {
			isa = XCConfigurationList;
			buildConfigurations = (
				FA196CD6279F5840004A51FD /* Debug */,
				FA196CD7279F5840004A51FD /* Release */,
			);
			defaultConfigurationIsVisible = 0;
			defaultConfigurationName = Release;
		};
/* End XCConfigurationList section */
	};
	rootObject = FA196CB9279F583B004A51FD /* Project object */;
}
